
Microsoft Visual Studio Solution File, Format Version 12.00
# Visual Studio Version 17
VisualStudioVersion = 17.7.34031.279
MinimumVisualStudioVersion = 10.0.40219.1
Project("{9A19103F-16F7-4668-BE54-9A1E7A4F7556}") = "Flight_Planner", "Flight_Planner\Flight_Planner.csproj", "{B43EE20C-9681-4D60-BE89-F8C7289B0BDB}"
EndProject
Global
	GlobalSection(SolutionConfigurationPlatforms) = preSolution
		Debug|Any CPU = Debug|Any CPU
		Release|Any CPU = Release|Any CPU
	EndGlobalSection
	GlobalSection(ProjectConfigurationPlatforms) = postSolution
		{B43EE20C-9681-4D60-BE89-F8C7289B0BDB}.Debug|Any CPU.ActiveCfg = Debug|Any CPU
		{B43EE20C-9681-4D60-BE89-F8C7289B0BDB}.Debug|Any CPU.Build.0 = Debug|Any CPU
		{B43EE20C-9681-4D60-BE89-F8C7289B0BDB}.Release|Any CPU.ActiveCfg = Release|Any CPU
		{B43EE20C-9681-4D60-BE89-F8C7289B0BDB}.Release|Any CPU.Build.0 = Release|Any CPU
	EndGlobalSection
	GlobalSection(SolutionProperties) = preSolution
		HideSolutionNode = FALSE
	EndGlobalSection
	GlobalSection(ExtensibilityGlobals) = postSolution
		SolutionGuid = {BB5A2FE9-E23F-43E3-84F2-8E4ED9985127}
	EndGlobalSection
EndGlobal
